// !$*UTF8*$!
{
	archiveVersion = 1;
	classes = {
	};
	objectVersion = 50;
	objects = {

/* Begin PBXBuildFile section */
		590DF07422076A6C00423E33 /* main.cpp in Sources */ = {isa = PBXBuildFile; fileRef = 590DF07322076A6C00423E33 /* main.cpp */; };
		590DF0DB22076CD800423E33 /* OpenGL.framework in Frameworks */ = {isa = PBXBuildFile; fileRef = 590DF0DA22076CD800423E33 /* OpenGL.framework */; };
		590DF0DD22076D0400423E33 /* libglfw.3.3.dylib in Frameworks */ = {isa = PBXBuildFile; fileRef = 590DF0DC22076D0400423E33 /* libglfw.3.3.dylib */; };
		590DF0DF22076E0600423E33 /* libGLEW.2.1.0.dylib in Frameworks */ = {isa = PBXBuildFile; fileRef = 590DF0DE22076E0600423E33 /* libGLEW.2.1.0.dylib */; };
		594643DC220D19900063492A /* Matrix4f.cpp in Sources */ = {isa = PBXBuildFile; fileRef = 594643DB220D19900063492A /* Matrix4f.cpp */; };
		594643DF220D1EC60063492A /* Pipe.cpp in Sources */ = {isa = PBXBuildFile; fileRef = 594643DD220D1EC60063492A /* Pipe.cpp */; };
		599471492209DD3000E49EDE /* Level.cpp in Sources */ = {isa = PBXBuildFile; fileRef = 599471472209DD3000E49EDE /* Level.cpp */; };
		5994714C2209DFDE00E49EDE /* Texture.cpp in Sources */ = {isa = PBXBuildFile; fileRef = 5994714A2209DFDE00E49EDE /* Texture.cpp */; };
		599471502209E02F00E49EDE /* stb_image.cpp in Sources */ = {isa = PBXBuildFile; fileRef = 5994714F2209E02F00E49EDE /* stb_image.cpp */; };
		599471532209E2A100E49EDE /* ShadersManager.cpp in Sources */ = {isa = PBXBuildFile; fileRef = 599471512209E2A100E49EDE /* ShadersManager.cpp */; };
		59AF2303220888D8000DE2BE /* Shader.cpp in Sources */ = {isa = PBXBuildFile; fileRef = 59AF2302220888D8000DE2BE /* Shader.cpp */; };
		59AF23062208895E000DE2BE /* GLDebugger.cpp in Sources */ = {isa = PBXBuildFile; fileRef = 59AF23042208895E000DE2BE /* GLDebugger.cpp */; };
		59AF230B220898C2000DE2BE /* VertexArray.cpp in Sources */ = {isa = PBXBuildFile; fileRef = 59AF2309220898C2000DE2BE /* VertexArray.cpp */; };
		59CA41BC220BC04400E5E659 /* Bird.cpp in Sources */ = {isa = PBXBuildFile; fileRef = 59CA41BA220BC04400E5E659 /* Bird.cpp */; };
		59D47D462207C6E6004766A1 /* InputHandler.cpp in Sources */ = {isa = PBXBuildFile; fileRef = 59D47D442207C6E6004766A1 /* InputHandler.cpp */; };
		59D47D492207CC82004766A1 /* WindowManager.cpp in Sources */ = {isa = PBXBuildFile; fileRef = 59D47D472207CC82004766A1 /* WindowManager.cpp */; };
/* End PBXBuildFile section */

/* Begin PBXCopyFilesBuildPhase section */
		590DF06E22076A6C00423E33 /* CopyFiles */ = {
			isa = PBXCopyFilesBuildPhase;
			buildActionMask = 2147483647;
			dstPath = /usr/share/man/man1/;
			dstSubfolderSpec = 0;
			files = (
			);
			runOnlyForDeploymentPostprocessing = 1;
		};
/* End PBXCopyFilesBuildPhase section */

/* Begin PBXFileReference section */
		590DF07022076A6C00423E33 /* Flappy-Bird-Clone */ = {isa = PBXFileReference; explicitFileType = "compiled.mach-o.executable"; includeInIndex = 0; path = "Flappy-Bird-Clone"; sourceTree = BUILT_PRODUCTS_DIR; };
		590DF07322076A6C00423E33 /* main.cpp */ = {isa = PBXFileReference; lastKnownFileType = sourcecode.cpp.cpp; path = main.cpp; sourceTree = "<group>"; };
		590DF0DA22076CD800423E33 /* OpenGL.framework */ = {isa = PBXFileReference; lastKnownFileType = wrapper.framework; name = OpenGL.framework; path = System/Library/Frameworks/OpenGL.framework; sourceTree = SDKROOT; };
		590DF0DC22076D0400423E33 /* libglfw.3.3.dylib */ = {isa = PBXFileReference; lastKnownFileType = "compiled.mach-o.dylib"; name = libglfw.3.3.dylib; path = ../../../../../../usr/local/lib/libglfw.3.3.dylib; sourceTree = "<group>"; };
		590DF0DE22076E0600423E33 /* libGLEW.2.1.0.dylib */ = {isa = PBXFileReference; lastKnownFileType = "compiled.mach-o.dylib"; name = libGLEW.2.1.0.dylib; path = ../../../../../../usr/local/Cellar/glew/2.1.0/lib/libGLEW.2.1.0.dylib; sourceTree = "<group>"; };
		591A41D1220FC5C5009B260F /* fade.shader */ = {isa = PBXFileReference; lastKnownFileType = text; path = fade.shader; sourceTree = "<group>"; };
		5939261C220B3BBC009937AA /* pipe.png */ = {isa = PBXFileReference; lastKnownFileType = image.png; path = pipe.png; sourceTree = "<group>"; };
		5939261D220B3BBC009937AA /* bg.jpg */ = {isa = PBXFileReference; lastKnownFileType = image.jpeg; path = bg.jpg; sourceTree = "<group>"; };
		5939261E220B3BBC009937AA /* bird.png */ = {isa = PBXFileReference; lastKnownFileType = image.png; path = bird.png; sourceTree = "<group>"; };
		59412BDE220DE09200FE6220 /* pipe.shader */ = {isa = PBXFileReference; lastKnownFileType = text; path = pipe.shader; sourceTree = "<group>"; };
		594643D9220D19900063492A /* Vector3f.h */ = {isa = PBXFileReference; fileEncoding = 4; lastKnownFileType = sourcecode.c.h; path = Vector3f.h; sourceTree = "<group>"; };
		594643DA220D19900063492A /* Matrix4f.h */ = {isa = PBXFileReference; fileEncoding = 4; lastKnownFileType = sourcecode.c.h; path = Matrix4f.h; sourceTree = "<group>"; };
		594643DB220D19900063492A /* Matrix4f.cpp */ = {isa = PBXFileReference; fileEncoding = 4; lastKnownFileType = sourcecode.cpp.cpp; path = Matrix4f.cpp; sourceTree = "<group>"; };
		594643DD220D1EC60063492A /* Pipe.cpp */ = {isa = PBXFileReference; lastKnownFileType = sourcecode.cpp.cpp; path = Pipe.cpp; sourceTree = "<group>"; };
		594643DE220D1EC60063492A /* Pipe.h */ = {isa = PBXFileReference; lastKnownFileType = sourcecode.c.h; path = Pipe.h; sourceTree = "<group>"; };
		599471472209DD3000E49EDE /* Level.cpp */ = {isa = PBXFileReference; lastKnownFileType = sourcecode.cpp.cpp; path = Level.cpp; sourceTree = "<group>"; };
		599471482209DD3000E49EDE /* Level.h */ = {isa = PBXFileReference; lastKnownFileType = sourcecode.c.h; path = Level.h; sourceTree = "<group>"; };
		5994714A2209DFDE00E49EDE /* Texture.cpp */ = {isa = PBXFileReference; lastKnownFileType = sourcecode.cpp.cpp; path = Texture.cpp; sourceTree = "<group>"; };
		5994714B2209DFDE00E49EDE /* Texture.h */ = {isa = PBXFileReference; lastKnownFileType = sourcecode.c.h; path = Texture.h; sourceTree = "<group>"; };
		5994714E2209E02F00E49EDE /* stb_image.h */ = {isa = PBXFileReference; fileEncoding = 4; lastKnownFileType = sourcecode.c.h; path = stb_image.h; sourceTree = "<group>"; };
		5994714F2209E02F00E49EDE /* stb_image.cpp */ = {isa = PBXFileReference; fileEncoding = 4; lastKnownFileType = sourcecode.cpp.cpp; path = stb_image.cpp; sourceTree = "<group>"; };
		599471512209E2A100E49EDE /* ShadersManager.cpp */ = {isa = PBXFileReference; lastKnownFileType = sourcecode.cpp.cpp; path = ShadersManager.cpp; sourceTree = "<group>"; };
		599471522209E2A100E49EDE /* ShadersManager.h */ = {isa = PBXFileReference; lastKnownFileType = sourcecode.c.h; path = ShadersManager.h; sourceTree = "<group>"; };
		599471562209EE5C00E49EDE /* background.shader */ = {isa = PBXFileReference; lastKnownFileType = text; path = background.shader; sourceTree = "<group>"; };
		59AF2301220888D8000DE2BE /* Shader.h */ = {isa = PBXFileReference; fileEncoding = 4; lastKnownFileType = sourcecode.c.h; path = Shader.h; sourceTree = "<group>"; };
		59AF2302220888D8000DE2BE /* Shader.cpp */ = {isa = PBXFileReference; fileEncoding = 4; lastKnownFileType = sourcecode.cpp.cpp; path = Shader.cpp; sourceTree = "<group>"; };
		59AF23042208895E000DE2BE /* GLDebugger.cpp */ = {isa = PBXFileReference; lastKnownFileType = sourcecode.cpp.cpp; path = GLDebugger.cpp; sourceTree = "<group>"; };
		59AF23052208895E000DE2BE /* GLDebugger.h */ = {isa = PBXFileReference; lastKnownFileType = sourcecode.c.h; path = GLDebugger.h; sourceTree = "<group>"; };
		59AF2309220898C2000DE2BE /* VertexArray.cpp */ = {isa = PBXFileReference; lastKnownFileType = sourcecode.cpp.cpp; path = VertexArray.cpp; sourceTree = "<group>"; };
		59AF230A220898C2000DE2BE /* VertexArray.h */ = {isa = PBXFileReference; lastKnownFileType = sourcecode.c.h; path = VertexArray.h; sourceTree = "<group>"; };
		59CA41BA220BC04400E5E659 /* Bird.cpp */ = {isa = PBXFileReference; lastKnownFileType = sourcecode.cpp.cpp; path = Bird.cpp; sourceTree = "<group>"; };
		59CA41BB220BC04400E5E659 /* Bird.h */ = {isa = PBXFileReference; lastKnownFileType = sourcecode.c.h; path = Bird.h; sourceTree = "<group>"; };
		59CA41BD220BC28300E5E659 /* bird.shader */ = {isa = PBXFileReference; lastKnownFileType = text; path = bird.shader; sourceTree = "<group>"; };
		59D47D442207C6E6004766A1 /* InputHandler.cpp */ = {isa = PBXFileReference; lastKnownFileType = sourcecode.cpp.cpp; path = InputHandler.cpp; sourceTree = "<group>"; };
		59D47D452207C6E6004766A1 /* InputHandler.h */ = {isa = PBXFileReference; lastKnownFileType = sourcecode.c.h; path = InputHandler.h; sourceTree = "<group>"; };
		59D47D472207CC82004766A1 /* WindowManager.cpp */ = {isa = PBXFileReference; lastKnownFileType = sourcecode.cpp.cpp; path = WindowManager.cpp; sourceTree = "<group>"; };
		59D47D482207CC82004766A1 /* WindowManager.h */ = {isa = PBXFileReference; lastKnownFileType = sourcecode.c.h; path = WindowManager.h; sourceTree = "<group>"; };
/* End PBXFileReference section */

/* Begin PBXFrameworksBuildPhase section */
		590DF06D22076A6C00423E33 /* Frameworks */ = {
			isa = PBXFrameworksBuildPhase;
			buildActionMask = 2147483647;
			files = (
				590DF0DF22076E0600423E33 /* libGLEW.2.1.0.dylib in Frameworks */,
				590DF0DD22076D0400423E33 /* libglfw.3.3.dylib in Frameworks */,
				590DF0DB22076CD800423E33 /* OpenGL.framework in Frameworks */,
			);
			runOnlyForDeploymentPostprocessing = 0;
		};
/* End PBXFrameworksBuildPhase section */

/* Begin PBXGroup section */
		590DF06722076A6C00423E33 = {
			isa = PBXGroup;
			children = (
				590DF07222076A6C00423E33 /* Flappy-Bird-Clone */,
				590DF07122076A6C00423E33 /* Products */,
				590DF0D922076CD800423E33 /* Frameworks */,
			);
			sourceTree = "<group>";
		};
		590DF07122076A6C00423E33 /* Products */ = {
			isa = PBXGroup;
			children = (
				590DF07022076A6C00423E33 /* Flappy-Bird-Clone */,
			);
			name = Products;
			sourceTree = "<group>";
		};
		590DF07222076A6C00423E33 /* Flappy-Bird-Clone */ = {
			isa = PBXGroup;
			children = (
				59B34C0F2209F315002D24E1 /* resources */,
				59D47D422207BE5B004766A1 /* src */,
				590DF07A22076C5A00423E33 /* vendor */,
			);
			path = "Flappy-Bird-Clone";
			sourceTree = "<group>";
		};
		590DF07A22076C5A00423E33 /* vendor */ = {
			isa = PBXGroup;
			children = (
				5994714D2209E02F00E49EDE /* stb_image */,
			);
			path = vendor;
			sourceTree = "<group>";
		};
		590DF0D922076CD800423E33 /* Frameworks */ = {
			isa = PBXGroup;
			children = (
				590DF0DE22076E0600423E33 /* libGLEW.2.1.0.dylib */,
				590DF0DC22076D0400423E33 /* libglfw.3.3.dylib */,
				590DF0DA22076CD800423E33 /* OpenGL.framework */,
			);
			name = Frameworks;
			sourceTree = "<group>";
		};
		5939261B220B3B7A009937AA /* textures */ = {
			isa = PBXGroup;
			children = (
				5939261D220B3BBC009937AA /* bg.jpg */,
				5939261E220B3BBC009937AA /* bird.png */,
				5939261C220B3BBC009937AA /* pipe.png */,
			);
			path = textures;
			sourceTree = "<group>";
		};
		594643D8220D19900063492A /* math */ = {
			isa = PBXGroup;
			children = (
				594643D9220D19900063492A /* Vector3f.h */,
				594643DA220D19900063492A /* Matrix4f.h */,
				594643DB220D19900063492A /* Matrix4f.cpp */,
			);
			path = math;
			sourceTree = "<group>";
		};
		599471462209DD2700E49EDE /* level */ = {
			isa = PBXGroup;
			children = (
				599471472209DD3000E49EDE /* Level.cpp */,
				599471482209DD3000E49EDE /* Level.h */,
				59CA41BA220BC04400E5E659 /* Bird.cpp */,
				59CA41BB220BC04400E5E659 /* Bird.h */,
				594643DD220D1EC60063492A /* Pipe.cpp */,
				594643DE220D1EC60063492A /* Pipe.h */,
			);
			path = level;
			sourceTree = "<group>";
		};
		5994714D2209E02F00E49EDE /* stb_image */ = {
			isa = PBXGroup;
			children = (
				5994714E2209E02F00E49EDE /* stb_image.h */,
				5994714F2209E02F00E49EDE /* stb_image.cpp */,
			);
			path = stb_image;
			sourceTree = "<group>";
		};
		599471542209EE2A00E49EDE /* shaders */ = {
			isa = PBXGroup;
			children = (
				599471562209EE5C00E49EDE /* background.shader */,
				59CA41BD220BC28300E5E659 /* bird.shader */,
				59412BDE220DE09200FE6220 /* pipe.shader */,
				591A41D1220FC5C5009B260F /* fade.shader */,
			);
			path = shaders;
			sourceTree = "<group>";
		};
		59AF2307220898A0000DE2BE /* graphics */ = {
			isa = PBXGroup;
			children = (
				59AF2302220888D8000DE2BE /* Shader.cpp */,
				59AF2301220888D8000DE2BE /* Shader.h */,
				59AF23042208895E000DE2BE /* GLDebugger.cpp */,
				59AF23052208895E000DE2BE /* GLDebugger.h */,
				59AF2309220898C2000DE2BE /* VertexArray.cpp */,
				59AF230A220898C2000DE2BE /* VertexArray.h */,
				5994714A2209DFDE00E49EDE /* Texture.cpp */,
				5994714B2209DFDE00E49EDE /* Texture.h */,
				599471512209E2A100E49EDE /* ShadersManager.cpp */,
				599471522209E2A100E49EDE /* ShadersManager.h */,
			);
			path = graphics;
			sourceTree = "<group>";
		};
		59B34C0F2209F315002D24E1 /* resources */ = {
			isa = PBXGroup;
			children = (
				5939261B220B3B7A009937AA /* textures */,
				599471542209EE2A00E49EDE /* shaders */,
			);
			path = resources;
			sourceTree = "<group>";
		};
		59D47D422207BE5B004766A1 /* src */ = {
			isa = PBXGroup;
			children = (
				594643D8220D19900063492A /* math */,
				599471462209DD2700E49EDE /* level */,
				59AF2307220898A0000DE2BE /* graphics */,
				590DF07322076A6C00423E33 /* main.cpp */,
				59D47D442207C6E6004766A1 /* InputHandler.cpp */,
				59D47D452207C6E6004766A1 /* InputHandler.h */,
				59D47D472207CC82004766A1 /* WindowManager.cpp */,
				59D47D482207CC82004766A1 /* WindowManager.h */,
			);
			path = src;
			sourceTree = "<group>";
		};
/* End PBXGroup section */

/* Begin PBXNativeTarget section */
		590DF06F22076A6C00423E33 /* Flappy-Bird-Clone */ = {
			isa = PBXNativeTarget;
			buildConfigurationList = 590DF07722076A6C00423E33 /* Build configuration list for PBXNativeTarget "Flappy-Bird-Clone" */;
			buildPhases = (
				590DF06C22076A6C00423E33 /* Sources */,
				590DF06D22076A6C00423E33 /* Frameworks */,
				590DF06E22076A6C00423E33 /* CopyFiles */,
			);
			buildRules = (
			);
			dependencies = (
			);
			name = "Flappy-Bird-Clone";
			productName = "Flappy-Bird-Clone";
			productReference = 590DF07022076A6C00423E33 /* Flappy-Bird-Clone */;
			productType = "com.apple.product-type.tool";
		};
/* End PBXNativeTarget section */

/* Begin PBXProject section */
		590DF06822076A6C00423E33 /* Project object */ = {
			isa = PBXProject;
			attributes = {
				LastUpgradeCheck = 1010;
				ORGANIZATIONNAME = "Túlio Henrique";
				TargetAttributes = {
					590DF06F22076A6C00423E33 = {
						CreatedOnToolsVersion = 10.1;
					};
				};
			};
			buildConfigurationList = 590DF06B22076A6C00423E33 /* Build configuration list for PBXProject "Flappy-Bird-Clone" */;
			compatibilityVersion = "Xcode 9.3";
			developmentRegion = en;
			hasScannedForEncodings = 0;
			knownRegions = (
				en,
			);
			mainGroup = 590DF06722076A6C00423E33;
			productRefGroup = 590DF07122076A6C00423E33 /* Products */;
			projectDirPath = "";
			projectRoot = "";
			targets = (
				590DF06F22076A6C00423E33 /* Flappy-Bird-Clone */,
			);
		};
/* End PBXProject section */

/* Begin PBXSourcesBuildPhase section */
		590DF06C22076A6C00423E33 /* Sources */ = {
			isa = PBXSourcesBuildPhase;
			buildActionMask = 2147483647;
			files = (
				59AF23062208895E000DE2BE /* GLDebugger.cpp in Sources */,
				599471492209DD3000E49EDE /* Level.cpp in Sources */,
				5994714C2209DFDE00E49EDE /* Texture.cpp in Sources */,
				59AF230B220898C2000DE2BE /* VertexArray.cpp in Sources */,
				590DF07422076A6C00423E33 /* main.cpp in Sources */,
				59CA41BC220BC04400E5E659 /* Bird.cpp in Sources */,
				594643DC220D19900063492A /* Matrix4f.cpp in Sources */,
				59D47D492207CC82004766A1 /* WindowManager.cpp in Sources */,
				599471502209E02F00E49EDE /* stb_image.cpp in Sources */,
				59D47D462207C6E6004766A1 /* InputHandler.cpp in Sources */,
				594643DF220D1EC60063492A /* Pipe.cpp in Sources */,
				59AF2303220888D8000DE2BE /* Shader.cpp in Sources */,
				599471532209E2A100E49EDE /* ShadersManager.cpp in Sources */,
			);
			runOnlyForDeploymentPostprocessing = 0;
		};
/* End PBXSourcesBuildPhase section */

/* Begin XCBuildConfiguration section */
		590DF07522076A6C00423E33 /* Debug */ = {
			isa = XCBuildConfiguration;
			buildSettings = {
				ALWAYS_SEARCH_USER_PATHS = NO;
				CLANG_ANALYZER_NONNULL = YES;
				CLANG_ANALYZER_NUMBER_OBJECT_CONVERSION = YES_AGGRESSIVE;
				CLANG_CXX_LANGUAGE_STANDARD = "gnu++14";
				CLANG_CXX_LIBRARY = "libc++";
				CLANG_ENABLE_MODULES = YES;
				CLANG_ENABLE_OBJC_ARC = YES;
				CLANG_ENABLE_OBJC_WEAK = YES;
				CLANG_WARN_BLOCK_CAPTURE_AUTORELEASING = YES;
				CLANG_WARN_BOOL_CONVERSION = YES;
				CLANG_WARN_COMMA = YES;
				CLANG_WARN_CONSTANT_CONVERSION = YES;
				CLANG_WARN_DEPRECATED_OBJC_IMPLEMENTATIONS = YES;
				CLANG_WARN_DIRECT_OBJC_ISA_USAGE = YES_ERROR;
				CLANG_WARN_DOCUMENTATION_COMMENTS = YES;
				CLANG_WARN_EMPTY_BODY = YES;
				CLANG_WARN_ENUM_CONVERSION = YES;
				CLANG_WARN_INFINITE_RECURSION = YES;
				CLANG_WARN_INT_CONVERSION = YES;
				CLANG_WARN_NON_LITERAL_NULL_CONVERSION = YES;
				CLANG_WARN_OBJC_IMPLICIT_RETAIN_SELF = YES;
				CLANG_WARN_OBJC_LITERAL_CONVERSION = YES;
				CLANG_WARN_OBJC_ROOT_CLASS = YES_ERROR;
				CLANG_WARN_RANGE_LOOP_ANALYSIS = YES;
				CLANG_WARN_STRICT_PROTOTYPES = YES;
				CLANG_WARN_SUSPICIOUS_MOVE = YES;
				CLANG_WARN_UNGUARDED_AVAILABILITY = YES_AGGRESSIVE;
				CLANG_WARN_UNREACHABLE_CODE = YES;
				CLANG_WARN__DUPLICATE_METHOD_MATCH = YES;
				CODE_SIGN_IDENTITY = "Mac Developer";
				COPY_PHASE_STRIP = NO;
				DEBUG_INFORMATION_FORMAT = dwarf;
				ENABLE_STRICT_OBJC_MSGSEND = YES;
				ENABLE_TESTABILITY = YES;
				GCC_C_LANGUAGE_STANDARD = gnu11;
				GCC_DYNAMIC_NO_PIC = NO;
				GCC_NO_COMMON_BLOCKS = YES;
				GCC_OPTIMIZATION_LEVEL = 0;
				GCC_PREPROCESSOR_DEFINITIONS = (
					"DEBUG=1",
					"$(inherited)",
				);
				GCC_WARN_64_TO_32_BIT_CONVERSION = YES;
				GCC_WARN_ABOUT_RETURN_TYPE = YES_ERROR;
				GCC_WARN_UNDECLARED_SELECTOR = YES;
				GCC_WARN_UNINITIALIZED_AUTOS = YES_AGGRESSIVE;
				GCC_WARN_UNUSED_FUNCTION = YES;
				GCC_WARN_UNUSED_VARIABLE = YES;
				MACOSX_DEPLOYMENT_TARGET = 10.14;
				MTL_ENABLE_DEBUG_INFO = INCLUDE_SOURCE;
				MTL_FAST_MATH = YES;
				ONLY_ACTIVE_ARCH = YES;
				SDKROOT = macosx;
			};
			name = Debug;
		};
		590DF07622076A6C00423E33 /* Release */ = {
			isa = XCBuildConfiguration;
			buildSettings = {
				ALWAYS_SEARCH_USER_PATHS = NO;
				CLANG_ANALYZER_NONNULL = YES;
				CLANG_ANALYZER_NUMBER_OBJECT_CONVERSION = YES_AGGRESSIVE;
				CLANG_CXX_LANGUAGE_STANDARD = "gnu++14";
				CLANG_CXX_LIBRARY = "libc++";
				CLANG_ENABLE_MODULES = YES;
				CLANG_ENABLE_OBJC_ARC = YES;
				CLANG_ENABLE_OBJC_WEAK = YES;
				CLANG_WARN_BLOCK_CAPTURE_AUTORELEASING = YES;
				CLANG_WARN_BOOL_CONVERSION = YES;
				CLANG_WARN_COMMA = YES;
				CLANG_WARN_CONSTANT_CONVERSION = YES;
				CLANG_WARN_DEPRECATED_OBJC_IMPLEMENTATIONS = YES;
				CLANG_WARN_DIRECT_OBJC_ISA_USAGE = YES_ERROR;
				CLANG_WARN_DOCUMENTATION_COMMENTS = YES;
				CLANG_WARN_EMPTY_BODY = YES;
				CLANG_WARN_ENUM_CONVERSION = YES;
				CLANG_WARN_INFINITE_RECURSION = YES;
				CLANG_WARN_INT_CONVERSION = YES;
				CLANG_WARN_NON_LITERAL_NULL_CONVERSION = YES;
				CLANG_WARN_OBJC_IMPLICIT_RETAIN_SELF = YES;
				CLANG_WARN_OBJC_LITERAL_CONVERSION = YES;
				CLANG_WARN_OBJC_ROOT_CLASS = YES_ERROR;
				CLANG_WARN_RANGE_LOOP_ANALYSIS = YES;
				CLANG_WARN_STRICT_PROTOTYPES = YES;
				CLANG_WARN_SUSPICIOUS_MOVE = YES;
				CLANG_WARN_UNGUARDED_AVAILABILITY = YES_AGGRESSIVE;
				CLANG_WARN_UNREACHABLE_CODE = YES;
				CLANG_WARN__DUPLICATE_METHOD_MATCH = YES;
				CODE_SIGN_IDENTITY = "Mac Developer";
				COPY_PHASE_STRIP = NO;
				DEBUG_INFORMATION_FORMAT = "dwarf-with-dsym";
				ENABLE_NS_ASSERTIONS = NO;
				ENABLE_STRICT_OBJC_MSGSEND = YES;
				GCC_C_LANGUAGE_STANDARD = gnu11;
				GCC_NO_COMMON_BLOCKS = YES;
				GCC_WARN_64_TO_32_BIT_CONVERSION = YES;
				GCC_WARN_ABOUT_RETURN_TYPE = YES_ERROR;
				GCC_WARN_UNDECLARED_SELECTOR = YES;
				GCC_WARN_UNINITIALIZED_AUTOS = YES_AGGRESSIVE;
				GCC_WARN_UNUSED_FUNCTION = YES;
				GCC_WARN_UNUSED_VARIABLE = YES;
				MACOSX_DEPLOYMENT_TARGET = 10.14;
				MTL_ENABLE_DEBUG_INFO = NO;
				MTL_FAST_MATH = YES;
				SDKROOT = macosx;
			};
			name = Release;
		};
		590DF07822076A6C00423E33 /* Debug */ = {
			isa = XCBuildConfiguration;
			buildSettings = {
				CODE_SIGN_STYLE = Automatic;
				DEVELOPMENT_TEAM = G6TYTFE863;
				HEADER_SEARCH_PATHS = (
					/usr/local/Cellar/glew/2.1.0/include,
					"$(SRCROOT)/Flappy-Bird-Clone/vendor/**",
					"$(SRCROOT)/Flappy-Bird-Clone/src/**",
					/usr/local/include,
				);
				LIBRARY_SEARCH_PATHS = (
					"$(inherited)",
					/usr/local/Cellar/glew/2.1.0/lib,
					/usr/local/lib,
					/usr/local/Cellar/glfw/3.2.1/lib,
				);
				PRODUCT_NAME = "$(TARGET_NAME)";
			};
			name = Debug;
		};
		590DF07922076A6C00423E33 /* Release */ = {
			isa = XCBuildConfiguration;
			buildSettings = {
				CODE_SIGN_STYLE = Automatic;
				DEVELOPMENT_TEAM = G6TYTFE863;
				HEADER_SEARCH_PATHS = (
					/usr/local/Cellar/glew/2.1.0/include,
					"$(SRCROOT)/Flappy-Bird-Clone/vendor/**",
					"$(SRCROOT)/Flappy-Bird-Clone/src/**",
					/usr/local/include,
				);
				LIBRARY_SEARCH_PATHS = (
					"$(inherited)",
					/usr/local/Cellar/glew/2.1.0/lib,
					/usr/local/lib,
					/usr/local/Cellar/glfw/3.2.1/lib,
				);
				PRODUCT_NAME = "$(TARGET_NAME)";
			};
			name = Release;
		};
/* End XCBuildConfiguration section */

/* Begin XCConfigurationList section */
		590DF06B22076A6C00423E33 /* Build configuration list for PBXProject "Flappy-Bird-Clone" */ = {
			isa = XCConfigurationList;
			buildConfigurations = (
				590DF07522076A6C00423E33 /* Debug */,
				590DF07622076A6C00423E33 /* Release */,
			);
			defaultConfigurationIsVisible = 0;
			defaultConfigurationName = Release;
		};
		590DF07722076A6C00423E33 /* Build configuration list for PBXNativeTarget "Flappy-Bird-Clone" */ = {
			isa = XCConfigurationList;
			buildConfigurations = (
				590DF07822076A6C00423E33 /* Debug */,
				590DF07922076A6C00423E33 /* Release */,
			);
			defaultConfigurationIsVisible = 0;
			defaultConfigurationName = Release;
		};
/* End XCConfigurationList section */
	};
	rootObject = 590DF06822076A6C00423E33 /* Project object */;
}
